
Microsoft Visual Studio Solution File, Format Version 12.00
Project("{FAE04EC0-301F-11D3-BF4B-00C04F79EFBC}") = "SistemaWebRecompenza", "SistemaWebRecompenza\SistemaWebRecompenza.csproj", "{EEFBBB8B-22ED-45D7-8450-1D5CFBC6C0A0}"
EndProject
Global
	GlobalSection(SolutionConfigurationPlatforms) = preSolution
		Debug|Any CPU = Debug|Any CPU
		Release|Any CPU = Release|Any CPU
	EndGlobalSection
	GlobalSection(ProjectConfigurationPlatforms) = postSolution
		{EEFBBB8B-22ED-45D7-8450-1D5CFBC6C0A0}.Debug|Any CPU.ActiveCfg = Debug|Any CPU
		{EEFBBB8B-22ED-45D7-8450-1D5CFBC6C0A0}.Debug|Any CPU.Build.0 = Debug|Any CPU
		{EEFBBB8B-22ED-45D7-8450-1D5CFBC6C0A0}.Release|Any CPU.ActiveCfg = Release|Any CPU
		{EEFBBB8B-22ED-45D7-8450-1D5CFBC6C0A0}.Release|Any CPU.Build.0 = Release|Any CPU
	EndGlobalSection
EndGlobal
